// !$*UTF8*$!
{
	archiveVersion = 1;
	classes = {
	};
	objectVersion = 50;
	objects = {

/* Begin PBXBuildFile section */
		831995C9258FB22900DADA21 /* ImageLoader.swift in Sources */ = {isa = PBXBuildFile; fileRef = 831995C8258FB22900DADA21 /* ImageLoader.swift */; };
		84AC49C4258A304E00F00976 /* AppDelegate.swift in Sources */ = {isa = PBXBuildFile; fileRef = 84AC49C3258A304E00F00976 /* AppDelegate.swift */; };
		84AC49C6258A304E00F00976 /* SceneDelegate.swift in Sources */ = {isa = PBXBuildFile; fileRef = 84AC49C5258A304E00F00976 /* SceneDelegate.swift */; };
		84AC49CB258A304E00F00976 /* Main.storyboard in Resources */ = {isa = PBXBuildFile; fileRef = 84AC49C9258A304E00F00976 /* Main.storyboard */; };
		84AC49CD258A304F00F00976 /* Assets.xcassets in Resources */ = {isa = PBXBuildFile; fileRef = 84AC49CC258A304F00F00976 /* Assets.xcassets */; };
		84AC49D0258A304F00F00976 /* LaunchScreen.storyboard in Resources */ = {isa = PBXBuildFile; fileRef = 84AC49CE258A304F00F00976 /* LaunchScreen.storyboard */; };
		84AC49D9258A307200F00976 /* Film.swift in Sources */ = {isa = PBXBuildFile; fileRef = 84AC49D8258A307200F00976 /* Film.swift */; };
		84AC49DD258A4BFB00F00976 /* ViewController.swift in Sources */ = {isa = PBXBuildFile; fileRef = 84AC49DC258A4BFB00F00976 /* ViewController.swift */; };
		84AC49E1258A4EF700F00976 /* DataProviderTableView.swift in Sources */ = {isa = PBXBuildFile; fileRef = 84AC49E0258A4EF700F00976 /* DataProviderTableView.swift */; };
		84AC49E4258A517700F00976 /* CellFilm.swift in Sources */ = {isa = PBXBuildFile; fileRef = 84AC49E3258A517700F00976 /* CellFilm.swift */; };
		84D90682258B78890092636D /* NetworkManager.swift in Sources */ = {isa = PBXBuildFile; fileRef = 84D90681258B78890092636D /* NetworkManager.swift */; };
		84D90695258F8E7A0092636D /* ShortDetailsViewController.swift in Sources */ = {isa = PBXBuildFile; fileRef = 84D90694258F8E7A0092636D /* ShortDetailsViewController.swift */; };
		84D90698258F8ED50092636D /* DetailsModel.swift in Sources */ = {isa = PBXBuildFile; fileRef = 84D90697258F8ED50092636D /* DetailsModel.swift */; };
		84D9069D258FBAEF0092636D /* DelegateTableView.swift in Sources */ = {isa = PBXBuildFile; fileRef = 84D9069C258FBAEF0092636D /* DelegateTableView.swift */; };
		901289392594BB8B008A4034 /* FullDetailsModel.swift in Sources */ = {isa = PBXBuildFile; fileRef = 901289382594BB8B008A4034 /* FullDetailsModel.swift */; };
		9012893E2594BE24008A4034 /* FullDetailsViewController.swift in Sources */ = {isa = PBXBuildFile; fileRef = 9012893D2594BE24008A4034 /* FullDetailsViewController.swift */; };
/* End PBXBuildFile section */

/* Begin PBXFileReference section */
		831995C8258FB22900DADA21 /* ImageLoader.swift */ = {isa = PBXFileReference; lastKnownFileType = sourcecode.swift; path = ImageLoader.swift; sourceTree = "<group>"; };
		84AC49C0258A304E00F00976 /* Imdb.app */ = {isa = PBXFileReference; explicitFileType = wrapper.application; includeInIndex = 0; path = Imdb.app; sourceTree = BUILT_PRODUCTS_DIR; };
		84AC49C3258A304E00F00976 /* AppDelegate.swift */ = {isa = PBXFileReference; lastKnownFileType = sourcecode.swift; path = AppDelegate.swift; sourceTree = "<group>"; };
		84AC49C5258A304E00F00976 /* SceneDelegate.swift */ = {isa = PBXFileReference; lastKnownFileType = sourcecode.swift; path = SceneDelegate.swift; sourceTree = "<group>"; };
		84AC49CA258A304E00F00976 /* Base */ = {isa = PBXFileReference; lastKnownFileType = file.storyboard; name = Base; path = Base.lproj/Main.storyboard; sourceTree = "<group>"; };
		84AC49CC258A304F00F00976 /* Assets.xcassets */ = {isa = PBXFileReference; lastKnownFileType = folder.assetcatalog; path = Assets.xcassets; sourceTree = "<group>"; };
		84AC49CF258A304F00F00976 /* Base */ = {isa = PBXFileReference; lastKnownFileType = file.storyboard; name = Base; path = Base.lproj/LaunchScreen.storyboard; sourceTree = "<group>"; };
		84AC49D1258A304F00F00976 /* Info.plist */ = {isa = PBXFileReference; lastKnownFileType = text.plist.xml; path = Info.plist; sourceTree = "<group>"; };
		84AC49D8258A307200F00976 /* Film.swift */ = {isa = PBXFileReference; lastKnownFileType = sourcecode.swift; path = Film.swift; sourceTree = "<group>"; };
		84AC49DC258A4BFB00F00976 /* ViewController.swift */ = {isa = PBXFileReference; lastKnownFileType = sourcecode.swift; path = ViewController.swift; sourceTree = "<group>"; };
		84AC49E0258A4EF700F00976 /* DataProviderTableView.swift */ = {isa = PBXFileReference; lastKnownFileType = sourcecode.swift; path = DataProviderTableView.swift; sourceTree = "<group>"; };
		84AC49E3258A517700F00976 /* CellFilm.swift */ = {isa = PBXFileReference; lastKnownFileType = sourcecode.swift; path = CellFilm.swift; sourceTree = "<group>"; };
		84D90681258B78890092636D /* NetworkManager.swift */ = {isa = PBXFileReference; lastKnownFileType = sourcecode.swift; path = NetworkManager.swift; sourceTree = "<group>"; };
		84D90694258F8E7A0092636D /* ShortDetailsViewController.swift */ = {isa = PBXFileReference; lastKnownFileType = sourcecode.swift; path = ShortDetailsViewController.swift; sourceTree = "<group>"; };
		84D90697258F8ED50092636D /* DetailsModel.swift */ = {isa = PBXFileReference; lastKnownFileType = sourcecode.swift; path = DetailsModel.swift; sourceTree = "<group>"; };
		84D9069C258FBAEF0092636D /* DelegateTableView.swift */ = {isa = PBXFileReference; lastKnownFileType = sourcecode.swift; path = DelegateTableView.swift; sourceTree = "<group>"; };
		901289382594BB8B008A4034 /* FullDetailsModel.swift */ = {isa = PBXFileReference; lastKnownFileType = sourcecode.swift; path = FullDetailsModel.swift; sourceTree = "<group>"; };
		9012893D2594BE24008A4034 /* FullDetailsViewController.swift */ = {isa = PBXFileReference; lastKnownFileType = sourcecode.swift; path = FullDetailsViewController.swift; sourceTree = "<group>"; };
/* End PBXFileReference section */

/* Begin PBXFrameworksBuildPhase section */
		84AC49BD258A304E00F00976 /* Frameworks */ = {
			isa = PBXFrameworksBuildPhase;
			buildActionMask = 2147483647;
			files = (
			);
			runOnlyForDeploymentPostprocessing = 0;
		};
/* End PBXFrameworksBuildPhase section */

/* Begin PBXGroup section */
		840126B72591F9600093D04A /* Controllers */ = {
			isa = PBXGroup;
			children = (
				84AC49DC258A4BFB00F00976 /* ViewController.swift */,
				84D90694258F8E7A0092636D /* ShortDetailsViewController.swift */,
				9012893D2594BE24008A4034 /* FullDetailsViewController.swift */,
			);
			path = Controllers;
			sourceTree = "<group>";
		};
		840126B82591F9770093D04A /* TableView */ = {
			isa = PBXGroup;
			children = (
				84AC49E0258A4EF700F00976 /* DataProviderTableView.swift */,
				84D9069C258FBAEF0092636D /* DelegateTableView.swift */,
				84AC49E3258A517700F00976 /* CellFilm.swift */,
			);
			path = TableView;
			sourceTree = "<group>";
		};
		840126B92591F9870093D04A /* Network */ = {
			isa = PBXGroup;
			children = (
				84D90681258B78890092636D /* NetworkManager.swift */,
				831995C8258FB22900DADA21 /* ImageLoader.swift */,
			);
			path = Network;
			sourceTree = "<group>";
		};
		840126BA2591F9A30093D04A /* Models */ = {
			isa = PBXGroup;
			children = (
				84AC49D8258A307200F00976 /* Film.swift */,
				84D90697258F8ED50092636D /* DetailsModel.swift */,
				901289382594BB8B008A4034 /* FullDetailsModel.swift */,
			);
			path = Models;
			sourceTree = "<group>";
		};
		84AC49B7258A304E00F00976 = {
			isa = PBXGroup;
			children = (
				84AC49C2258A304E00F00976 /* Imdb */,
				84AC49C1258A304E00F00976 /* Products */,
			);
			sourceTree = "<group>";
		};
		84AC49C1258A304E00F00976 /* Products */ = {
			isa = PBXGroup;
			children = (
				84AC49C0258A304E00F00976 /* Imdb.app */,
			);
			name = Products;
			sourceTree = "<group>";
		};
		84AC49C2258A304E00F00976 /* Imdb */ = {
			isa = PBXGroup;
			children = (
				84AC49C9258A304E00F00976 /* Main.storyboard */,
				840126B72591F9600093D04A /* Controllers */,
				840126B82591F9770093D04A /* TableView */,
				840126B92591F9870093D04A /* Network */,
				840126BA2591F9A30093D04A /* Models */,
				84AC49C5258A304E00F00976 /* SceneDelegate.swift */,
				84AC49C3258A304E00F00976 /* AppDelegate.swift */,
				84AC49CC258A304F00F00976 /* Assets.xcassets */,
				84AC49CE258A304F00F00976 /* LaunchScreen.storyboard */,
				84AC49D1258A304F00F00976 /* Info.plist */,
			);
			path = Imdb;
			sourceTree = "<group>";
		};
/* End PBXGroup section */

/* Begin PBXNativeTarget section */
		84AC49BF258A304E00F00976 /* Imdb */ = {
			isa = PBXNativeTarget;
			buildConfigurationList = 84AC49D4258A304F00F00976 /* Build configuration list for PBXNativeTarget "Imdb" */;
			buildPhases = (
				84AC49BC258A304E00F00976 /* Sources */,
				84AC49BD258A304E00F00976 /* Frameworks */,
				84AC49BE258A304E00F00976 /* Resources */,
			);
			buildRules = (
			);
			dependencies = (
			);
			name = Imdb;
			productName = Imdb;
			productReference = 84AC49C0258A304E00F00976 /* Imdb.app */;
			productType = "com.apple.product-type.application";
		};
/* End PBXNativeTarget section */

/* Begin PBXProject section */
		84AC49B8258A304E00F00976 /* Project object */ = {
			isa = PBXProject;
			attributes = {
				LastSwiftUpdateCheck = 1210;
				LastUpgradeCheck = 1210;
				TargetAttributes = {
					84AC49BF258A304E00F00976 = {
						CreatedOnToolsVersion = 12.1;
					};
				};
			};
			buildConfigurationList = 84AC49BB258A304E00F00976 /* Build configuration list for PBXProject "Imdb" */;
			compatibilityVersion = "Xcode 9.3";
			developmentRegion = en;
			hasScannedForEncodings = 0;
			knownRegions = (
				en,
				Base,
			);
			mainGroup = 84AC49B7258A304E00F00976;
			productRefGroup = 84AC49C1258A304E00F00976 /* Products */;
			projectDirPath = "";
			projectRoot = "";
			targets = (
				84AC49BF258A304E00F00976 /* Imdb */,
			);
		};
/* End PBXProject section */

/* Begin PBXResourcesBuildPhase section */
		84AC49BE258A304E00F00976 /* Resources */ = {
			isa = PBXResourcesBuildPhase;
			buildActionMask = 2147483647;
			files = (
				84AC49D0258A304F00F00976 /* LaunchScreen.storyboard in Resources */,
				84AC49CD258A304F00F00976 /* Assets.xcassets in Resources */,
				84AC49CB258A304E00F00976 /* Main.storyboard in Resources */,
			);
			runOnlyForDeploymentPostprocessing = 0;
		};
/* End PBXResourcesBuildPhase section */

/* Begin PBXSourcesBuildPhase section */
		84AC49BC258A304E00F00976 /* Sources */ = {
			isa = PBXSourcesBuildPhase;
			buildActionMask = 2147483647;
			files = (
				901289392594BB8B008A4034 /* FullDetailsModel.swift in Sources */,
				84D9069D258FBAEF0092636D /* DelegateTableView.swift in Sources */,
				84AC49E1258A4EF700F00976 /* DataProviderTableView.swift in Sources */,
				84D90698258F8ED50092636D /* DetailsModel.swift in Sources */,
				84AC49D9258A307200F00976 /* Film.swift in Sources */,
				9012893E2594BE24008A4034 /* FullDetailsViewController.swift in Sources */,
				84AC49C4258A304E00F00976 /* AppDelegate.swift in Sources */,
				84D90695258F8E7A0092636D /* ShortDetailsViewController.swift in Sources */,
				831995C9258FB22900DADA21 /* ImageLoader.swift in Sources */,
				84D90682258B78890092636D /* NetworkManager.swift in Sources */,
				84AC49E4258A517700F00976 /* CellFilm.swift in Sources */,
				84AC49DD258A4BFB00F00976 /* ViewController.swift in Sources */,
				84AC49C6258A304E00F00976 /* SceneDelegate.swift in Sources */,
			);
			runOnlyForDeploymentPostprocessing = 0;
		};
/* End PBXSourcesBuildPhase section */

/* Begin PBXVariantGroup section */
		84AC49C9258A304E00F00976 /* Main.storyboard */ = {
			isa = PBXVariantGroup;
			children = (
				84AC49CA258A304E00F00976 /* Base */,
			);
			name = Main.storyboard;
			sourceTree = "<group>";
		};
		84AC49CE258A304F00F00976 /* LaunchScreen.storyboard */ = {
			isa = PBXVariantGroup;
			children = (
				84AC49CF258A304F00F00976 /* Base */,
			);
			name = LaunchScreen.storyboard;
			sourceTree = "<group>";
		};
/* End PBXVariantGroup section */

/* Begin XCBuildConfiguration section */
		84AC49D2258A304F00F00976 /* Debug */ = {
			isa = XCBuildConfiguration;
			buildSettings = {
				ALWAYS_SEARCH_USER_PATHS = NO;
				CLANG_ANALYZER_NONNULL = YES;
				CLANG_ANALYZER_NUMBER_OBJECT_CONVERSION = YES_AGGRESSIVE;
				CLANG_CXX_LANGUAGE_STANDARD = "gnu++14";
				CLANG_CXX_LIBRARY = "libc++";
				CLANG_ENABLE_MODULES = YES;
				CLANG_ENABLE_OBJC_ARC = YES;
				CLANG_ENABLE_OBJC_WEAK = YES;
				CLANG_WARN_BLOCK_CAPTURE_AUTORELEASING = YES;
				CLANG_WARN_BOOL_CONVERSION = YES;
				CLANG_WARN_COMMA = YES;
				CLANG_WARN_CONSTANT_CONVERSION = YES;
				CLANG_WARN_DEPRECATED_OBJC_IMPLEMENTATIONS = YES;
				CLANG_WARN_DIRECT_OBJC_ISA_USAGE = YES_ERROR;
				CLANG_WARN_DOCUMENTATION_COMMENTS = YES;
				CLANG_WARN_EMPTY_BODY = YES;
				CLANG_WARN_ENUM_CONVERSION = YES;
				CLANG_WARN_INFINITE_RECURSION = YES;
				CLANG_WARN_INT_CONVERSION = YES;
				CLANG_WARN_NON_LITERAL_NULL_CONVERSION = YES;
				CLANG_WARN_OBJC_IMPLICIT_RETAIN_SELF = YES;
				CLANG_WARN_OBJC_LITERAL_CONVERSION = YES;
				CLANG_WARN_OBJC_ROOT_CLASS = YES_ERROR;
				CLANG_WARN_QUOTED_INCLUDE_IN_FRAMEWORK_HEADER = YES;
				CLANG_WARN_RANGE_LOOP_ANALYSIS = YES;
				CLANG_WARN_STRICT_PROTOTYPES = YES;
				CLANG_WARN_SUSPICIOUS_MOVE = YES;
				CLANG_WARN_UNGUARDED_AVAILABILITY = YES_AGGRESSIVE;
				CLANG_WARN_UNREACHABLE_CODE = YES;
				CLANG_WARN__DUPLICATE_METHOD_MATCH = YES;
				COPY_PHASE_STRIP = NO;
				DEBUG_INFORMATION_FORMAT = dwarf;
				ENABLE_STRICT_OBJC_MSGSEND = YES;
				ENABLE_TESTABILITY = YES;
				GCC_C_LANGUAGE_STANDARD = gnu11;
				GCC_DYNAMIC_NO_PIC = NO;
				GCC_NO_COMMON_BLOCKS = YES;
				GCC_OPTIMIZATION_LEVEL = 0;
				GCC_PREPROCESSOR_DEFINITIONS = (
					"DEBUG=1",
					"$(inherited)",
				);
				GCC_WARN_64_TO_32_BIT_CONVERSION = YES;
				GCC_WARN_ABOUT_RETURN_TYPE = YES_ERROR;
				GCC_WARN_UNDECLARED_SELECTOR = YES;
				GCC_WARN_UNINITIALIZED_AUTOS = YES_AGGRESSIVE;
				GCC_WARN_UNUSED_FUNCTION = YES;
				GCC_WARN_UNUSED_VARIABLE = YES;
				IPHONEOS_DEPLOYMENT_TARGET = 14.1;
				MTL_ENABLE_DEBUG_INFO = INCLUDE_SOURCE;
				MTL_FAST_MATH = YES;
				ONLY_ACTIVE_ARCH = YES;
				SDKROOT = iphoneos;
				SWIFT_ACTIVE_COMPILATION_CONDITIONS = DEBUG;
				SWIFT_OPTIMIZATION_LEVEL = "-Onone";
			};
			name = Debug;
		};
		84AC49D3258A304F00F00976 /* Release */ = {
			isa = XCBuildConfiguration;
			buildSettings = {
				ALWAYS_SEARCH_USER_PATHS = NO;
				CLANG_ANALYZER_NONNULL = YES;
				CLANG_ANALYZER_NUMBER_OBJECT_CONVERSION = YES_AGGRESSIVE;
				CLANG_CXX_LANGUAGE_STANDARD = "gnu++14";
				CLANG_CXX_LIBRARY = "libc++";
				CLANG_ENABLE_MODULES = YES;
				CLANG_ENABLE_OBJC_ARC = YES;
				CLANG_ENABLE_OBJC_WEAK = YES;
				CLANG_WARN_BLOCK_CAPTURE_AUTORELEASING = YES;
				CLANG_WARN_BOOL_CONVERSION = YES;
				CLANG_WARN_COMMA = YES;
				CLANG_WARN_CONSTANT_CONVERSION = YES;
				CLANG_WARN_DEPRECATED_OBJC_IMPLEMENTATIONS = YES;
				CLANG_WARN_DIRECT_OBJC_ISA_USAGE = YES_ERROR;
				CLANG_WARN_DOCUMENTATION_COMMENTS = YES;
				CLANG_WARN_EMPTY_BODY = YES;
				CLANG_WARN_ENUM_CONVERSION = YES;
				CLANG_WARN_INFINITE_RECURSION = YES;
				CLANG_WARN_INT_CONVERSION = YES;
				CLANG_WARN_NON_LITERAL_NULL_CONVERSION = YES;
				CLANG_WARN_OBJC_IMPLICIT_RETAIN_SELF = YES;
				CLANG_WARN_OBJC_LITERAL_CONVERSION = YES;
				CLANG_WARN_OBJC_ROOT_CLASS = YES_ERROR;
				CLANG_WARN_QUOTED_INCLUDE_IN_FRAMEWORK_HEADER = YES;
				CLANG_WARN_RANGE_LOOP_ANALYSIS = YES;
				CLANG_WARN_STRICT_PROTOTYPES = YES;
				CLANG_WARN_SUSPICIOUS_MOVE = YES;
				CLANG_WARN_UNGUARDED_AVAILABILITY = YES_AGGRESSIVE;
				CLANG_WARN_UNREACHABLE_CODE = YES;
				CLANG_WARN__DUPLICATE_METHOD_MATCH = YES;
				COPY_PHASE_STRIP = NO;
				DEBUG_INFORMATION_FORMAT = "dwarf-with-dsym";
				ENABLE_NS_ASSERTIONS = NO;
				ENABLE_STRICT_OBJC_MSGSEND = YES;
				GCC_C_LANGUAGE_STANDARD = gnu11;
				GCC_NO_COMMON_BLOCKS = YES;
				GCC_WARN_64_TO_32_BIT_CONVERSION = YES;
				GCC_WARN_ABOUT_RETURN_TYPE = YES_ERROR;
				GCC_WARN_UNDECLARED_SELECTOR = YES;
				GCC_WARN_UNINITIALIZED_AUTOS = YES_AGGRESSIVE;
				GCC_WARN_UNUSED_FUNCTION = YES;
				GCC_WARN_UNUSED_VARIABLE = YES;
				IPHONEOS_DEPLOYMENT_TARGET = 14.1;
				MTL_ENABLE_DEBUG_INFO = NO;
				MTL_FAST_MATH = YES;
				SDKROOT = iphoneos;
				SWIFT_COMPILATION_MODE = wholemodule;
				SWIFT_OPTIMIZATION_LEVEL = "-O";
				VALIDATE_PRODUCT = YES;
			};
			name = Release;
		};
		84AC49D5258A304F00F00976 /* Debug */ = {
			isa = XCBuildConfiguration;
			buildSettings = {
				ASSETCATALOG_COMPILER_APPICON_NAME = AppIcon;
				ASSETCATALOG_COMPILER_GLOBAL_ACCENT_COLOR_NAME = AccentColor;
				CODE_SIGN_STYLE = Automatic;
				DEVELOPMENT_TEAM = 89ZYGVQY6R;
				INFOPLIST_FILE = Imdb/Info.plist;
				LD_RUNPATH_SEARCH_PATHS = (
					"$(inherited)",
					"@executable_path/Frameworks",
				);
				PRODUCT_BUNDLE_IDENTIFIER = iTechArt.Imdb;
				PRODUCT_NAME = "$(TARGET_NAME)";
				SWIFT_VERSION = 5.0;
				TARGETED_DEVICE_FAMILY = "1,2";
			};
			name = Debug;
		};
		84AC49D6258A304F00F00976 /* Release */ = {
			isa = XCBuildConfiguration;
			buildSettings = {
				ASSETCATALOG_COMPILER_APPICON_NAME = AppIcon;
				ASSETCATALOG_COMPILER_GLOBAL_ACCENT_COLOR_NAME = AccentColor;
				CODE_SIGN_STYLE = Automatic;
				DEVELOPMENT_TEAM = 89ZYGVQY6R;
				INFOPLIST_FILE = Imdb/Info.plist;
				LD_RUNPATH_SEARCH_PATHS = (
					"$(inherited)",
					"@executable_path/Frameworks",
				);
				PRODUCT_BUNDLE_IDENTIFIER = iTechArt.Imdb;
				PRODUCT_NAME = "$(TARGET_NAME)";
				SWIFT_VERSION = 5.0;
				TARGETED_DEVICE_FAMILY = "1,2";
			};
			name = Release;
		};
/* End XCBuildConfiguration section */

/* Begin XCConfigurationList section */
		84AC49BB258A304E00F00976 /* Build configuration list for PBXProject "Imdb" */ = {
			isa = XCConfigurationList;
			buildConfigurations = (
				84AC49D2258A304F00F00976 /* Debug */,
				84AC49D3258A304F00F00976 /* Release */,
			);
			defaultConfigurationIsVisible = 0;
			defaultConfigurationName = Release;
		};
		84AC49D4258A304F00F00976 /* Build configuration list for PBXNativeTarget "Imdb" */ = {
			isa = XCConfigurationList;
			buildConfigurations = (
				84AC49D5258A304F00F00976 /* Debug */,
				84AC49D6258A304F00F00976 /* Release */,
			);
			defaultConfigurationIsVisible = 0;
			defaultConfigurationName = Release;
		};
/* End XCConfigurationList section */
	};
	rootObject = 84AC49B8258A304E00F00976 /* Project object */;
}
